
Microsoft Visual Studio Solution File, Format Version 12.00
# Visual Studio Version 16
VisualStudioVersion = 16.0.31702.278
MinimumVisualStudioVersion = 10.0.40219.1
Project("{FAE04EC0-301F-11D3-BF4B-00C04F79EFBC}") = "FrontEnd", "SistemadeControldeAsuntosPoliciales\FrontEnd.csproj", "{851C7F13-B4B3-4BE3-85C8-4AD62FC7EED8}"
EndProject
Project("{FAE04EC0-301F-11D3-BF4B-00C04F79EFBC}") = "BackEnd", "ConsoleApp1\BackEnd.csproj", "{77A26CE5-BF6A-4412-B31C-1402D81B1455}"
EndProject
Global
	GlobalSection(SolutionConfigurationPlatforms) = preSolution
		Debug|Any CPU = Debug|Any CPU
		Release|Any CPU = Release|Any CPU
	EndGlobalSection
	GlobalSection(ProjectConfigurationPlatforms) = postSolution
		{851C7F13-B4B3-4BE3-85C8-4AD62FC7EED8}.Debug|Any CPU.ActiveCfg = Debug|Any CPU
		{851C7F13-B4B3-4BE3-85C8-4AD62FC7EED8}.Debug|Any CPU.Build.0 = Debug|Any CPU
		{851C7F13-B4B3-4BE3-85C8-4AD62FC7EED8}.Release|Any CPU.ActiveCfg = Release|Any CPU
		{851C7F13-B4B3-4BE3-85C8-4AD62FC7EED8}.Release|Any CPU.Build.0 = Release|Any CPU
		{77A26CE5-BF6A-4412-B31C-1402D81B1455}.Debug|Any CPU.ActiveCfg = Debug|Any CPU
		{77A26CE5-BF6A-4412-B31C-1402D81B1455}.Debug|Any CPU.Build.0 = Debug|Any CPU
		{77A26CE5-BF6A-4412-B31C-1402D81B1455}.Release|Any CPU.ActiveCfg = Release|Any CPU
		{77A26CE5-BF6A-4412-B31C-1402D81B1455}.Release|Any CPU.Build.0 = Release|Any CPU
	EndGlobalSection
	GlobalSection(SolutionProperties) = preSolution
		HideSolutionNode = FALSE
	EndGlobalSection
	GlobalSection(ExtensibilityGlobals) = postSolution
		SolutionGuid = {6C6E4FA8-DD30-4DBD-9174-C6C09D0B9624}
	EndGlobalSection
EndGlobal
